PODS:
  - Flutter (1.0.0)
  - flutter_zendesk (0.0.1):
    - Flutter
    - ZendeskSDK
    - ZendeskSDK/Core
    - ZendeskSDK/Providers
  - ZendeskSDK (3.0.0):
    - ZendeskSDK/Providers (= 3.0.0)
    - ZendeskSDK/UI (= 3.0.0)
  - ZendeskSDK/Core (3.0.0)
  - ZendeskSDK/Providers (3.0.0):
    - ZendeskSDK/Core
  - ZendeskSDK/UI (3.0.0):
    - ZendeskSDK/Core
    - ZendeskSDK/Providers

DEPENDENCIES:
  - Flutter (from `.symlinks/flutter/ios`)
  - flutter_zendesk (from `.symlinks/plugins/flutter_zendesk/ios`)

SPEC REPOS:
  https://github.com/cocoapods/specs.git:
    - ZendeskSDK

EXTERNAL SOURCES:
  Flutter:
    :path: ".symlinks/flutter/ios"
  flutter_zendesk:
    :path: ".symlinks/plugins/flutter_zendesk/ios"

SPEC CHECKSUMS:
  Flutter: 58dd7d1b27887414a370fcccb9e645c08ffd7a6a
  flutter_zendesk: 2ad977f66dd37af1d9075cba5eb318d59e671f28
  ZendeskSDK: 445b63024dc3e0021d18bf86a32eb1d3e9404d66

PODFILE CHECKSUM: ebd43b443038e611b86ede96e613bd6033c49497

COCOAPODS: 1.6.1
